
Microsoft Visual Studio Solution File, Format Version 12.00
# Visual Studio Version 17
VisualStudioVersion = 17.8.34525.116
MinimumVisualStudioVersion = 10.0.40219.1
Project("{FAE04EC0-301F-11D3-BF4B-00C04F79EFBC}") = "Esercizio AS2324.3G.SpadiniLorenzo.PSDBPCTO", "Esercizio AS2324.3G.SpadiniLorenzo.PSDBPCTO.csproj", "{DEBB639C-C455-41DB-B2BE-7997D32DEB3A}"
EndProject
Global
	GlobalSection(SolutionConfigurationPlatforms) = preSolution
		Debug|Any CPU = Debug|Any CPU
		Release|Any CPU = Release|Any CPU
	EndGlobalSection
	GlobalSection(ProjectConfigurationPlatforms) = postSolution
		{DEBB639C-C455-41DB-B2BE-7997D32DEB3A}.Debug|Any CPU.ActiveCfg = Debug|Any CPU
		{DEBB639C-C455-41DB-B2BE-7997D32DEB3A}.Debug|Any CPU.Build.0 = Debug|Any CPU
		{DEBB639C-C455-41DB-B2BE-7997D32DEB3A}.Release|Any CPU.ActiveCfg = Release|Any CPU
		{DEBB639C-C455-41DB-B2BE-7997D32DEB3A}.Release|Any CPU.Build.0 = Release|Any CPU
	EndGlobalSection
	GlobalSection(SolutionProperties) = preSolution
		HideSolutionNode = FALSE
	EndGlobalSection
	GlobalSection(ExtensibilityGlobals) = postSolution
		SolutionGuid = {87694616-0C31-4335-AA02-AE381B0566C9}
	EndGlobalSection
EndGlobal
